
Microsoft Visual Studio Solution File, Format Version 12.00
# Visual Studio Version 16
VisualStudioVersion = 16.0.30717.126
MinimumVisualStudioVersion = 10.0.40219.1
Project("{FAE04EC0-301F-11D3-BF4B-00C04F79EFBC}") = "Practicum2020", "Practicum2020\Practicum2020.csproj", "{63407F67-DD71-4117-89FA-996BC3C5054C}"
EndProject
Global
	GlobalSection(SolutionConfigurationPlatforms) = preSolution
		Debug|Any CPU = Debug|Any CPU
		Release|Any CPU = Release|Any CPU
	EndGlobalSection
	GlobalSection(ProjectConfigurationPlatforms) = postSolution
		{63407F67-DD71-4117-89FA-996BC3C5054C}.Debug|Any CPU.ActiveCfg = Debug|Any CPU
		{63407F67-DD71-4117-89FA-996BC3C5054C}.Debug|Any CPU.Build.0 = Debug|Any CPU
		{63407F67-DD71-4117-89FA-996BC3C5054C}.Release|Any CPU.ActiveCfg = Release|Any CPU
		{63407F67-DD71-4117-89FA-996BC3C5054C}.Release|Any CPU.Build.0 = Release|Any CPU
	EndGlobalSection
	GlobalSection(SolutionProperties) = preSolution
		HideSolutionNode = FALSE
	EndGlobalSection
	GlobalSection(ExtensibilityGlobals) = postSolution
		SolutionGuid = {64B5CB9A-1FF7-4223-A3D7-2CA53089365B}
	EndGlobalSection
EndGlobal
